{
  "name": "yp",
  "version": "1.0.0",
  "lockfileVersion": 1,
  "requires": true,
  "dependencies": {
    "wavesurfer.js": {
      "version": "2.0.6",
      "resolved": "https://registry.npmjs.org/wavesurfer.js/-/wavesurfer.js-2.0.6.tgz",
      "integrity": "sha512-RniZoU7tzQ3r3ERG9lSXyudExy8hQx79pKv43n0ZNwIAF5hHeMuWNOnW6Q4N6u48Y1FQGTiw9y2GW+w17rYSDg=="
    }
  }
}
